PODS:
  - circular_progress_gauge_odo (0.0.1):
    - Flutter
  - Flutter (1.0.0)

DEPENDENCIES:
  - circular_progress_gauge_odo (from `.symlinks/plugins/circular_progress_gauge_odo/ios`)
  - Flutter (from `.symlinks/flutter/ios`)

EXTERNAL SOURCES:
  circular_progress_gauge_odo:
    :path: ".symlinks/plugins/circular_progress_gauge_odo/ios"
  Flutter:
    :path: ".symlinks/flutter/ios"

SPEC CHECKSUMS:
  circular_progress_gauge_odo: b3f720e27e43e44769a6f2ea14c642d731403c54
  Flutter: 9d0fac939486c9aba2809b7982dfdbb47a7b0296

PODFILE CHECKSUM: aff02bfeed411c636180d6812254b2daeea14d09

COCOAPODS: 1.5.3
